// !$*UTF8*$!
{
	archiveVersion = 1;
	classes = {
	};
	objectVersion = 46;
	objects = {

/* Begin PBXBuildFile section */
		A637CCCE21E9EEAD0012ADD8 /* main.m in Sources */ = {isa = PBXBuildFile; fileRef = A637CCCD21E9EEAD0012ADD8 /* main.m */; };
		A637CCD121E9EEAD0012ADD8 /* AppDelegate.m in Sources */ = {isa = PBXBuildFile; fileRef = A637CCD021E9EEAD0012ADD8 /* AppDelegate.m */; };
		A637CCD421E9EEAD0012ADD8 /* ViewController.m in Sources */ = {isa = PBXBuildFile; fileRef = A637CCD321E9EEAD0012ADD8 /* ViewController.m */; };
		A637CCD721E9EEAD0012ADD8 /* Main.storyboard in Resources */ = {isa = PBXBuildFile; fileRef = A637CCD521E9EEAD0012ADD8 /* Main.storyboard */; };
		A637CCD921E9EEAD0012ADD8 /* Assets.xcassets in Resources */ = {isa = PBXBuildFile; fileRef = A637CCD821E9EEAD0012ADD8 /* Assets.xcassets */; };
		A637CCDC21E9EEAD0012ADD8 /* LaunchScreen.storyboard in Resources */ = {isa = PBXBuildFile; fileRef = A637CCDA21E9EEAD0012ADD8 /* LaunchScreen.storyboard */; };
		A637CCE721E9EEAD0012ADD8 /* textGitHubTests.m in Sources */ = {isa = PBXBuildFile; fileRef = A637CCE621E9EEAD0012ADD8 /* textGitHubTests.m */; };
		A637CCF221E9EEAD0012ADD8 /* textGitHubUITests.m in Sources */ = {isa = PBXBuildFile; fileRef = A637CCF121E9EEAD0012ADD8 /* textGitHubUITests.m */; };
/* End PBXBuildFile section */

/* Begin PBXContainerItemProxy section */
		A637CCE321E9EEAD0012ADD8 /* PBXContainerItemProxy */ = {
			isa = PBXContainerItemProxy;
			containerPortal = A637CCC121E9EEAD0012ADD8 /* Project object */;
			proxyType = 1;
			remoteGlobalIDString = A637CCC821E9EEAD0012ADD8;
			remoteInfo = textGitHub;
		};
		A637CCEE21E9EEAD0012ADD8 /* PBXContainerItemProxy */ = {
			isa = PBXContainerItemProxy;
			containerPortal = A637CCC121E9EEAD0012ADD8 /* Project object */;
			proxyType = 1;
			remoteGlobalIDString = A637CCC821E9EEAD0012ADD8;
			remoteInfo = textGitHub;
		};
/* End PBXContainerItemProxy section */

/* Begin PBXFileReference section */
		A637CCC921E9EEAD0012ADD8 /* textGitHub.app */ = {isa = PBXFileReference; explicitFileType = wrapper.application; includeInIndex = 0; path = textGitHub.app; sourceTree = BUILT_PRODUCTS_DIR; };
		A637CCCD21E9EEAD0012ADD8 /* main.m */ = {isa = PBXFileReference; lastKnownFileType = sourcecode.c.objc; path = main.m; sourceTree = "<group>"; };
		A637CCCF21E9EEAD0012ADD8 /* AppDelegate.h */ = {isa = PBXFileReference; lastKnownFileType = sourcecode.c.h; path = AppDelegate.h; sourceTree = "<group>"; };
		A637CCD021E9EEAD0012ADD8 /* AppDelegate.m */ = {isa = PBXFileReference; lastKnownFileType = sourcecode.c.objc; path = AppDelegate.m; sourceTree = "<group>"; };
		A637CCD221E9EEAD0012ADD8 /* ViewController.h */ = {isa = PBXFileReference; lastKnownFileType = sourcecode.c.h; path = ViewController.h; sourceTree = "<group>"; };
		A637CCD321E9EEAD0012ADD8 /* ViewController.m */ = {isa = PBXFileReference; lastKnownFileType = sourcecode.c.objc; path = ViewController.m; sourceTree = "<group>"; };
		A637CCD621E9EEAD0012ADD8 /* Base */ = {isa = PBXFileReference; lastKnownFileType = file.storyboard; name = Base; path = Base.lproj/Main.storyboard; sourceTree = "<group>"; };
		A637CCD821E9EEAD0012ADD8 /* Assets.xcassets */ = {isa = PBXFileReference; lastKnownFileType = folder.assetcatalog; path = Assets.xcassets; sourceTree = "<group>"; };
		A637CCDB21E9EEAD0012ADD8 /* Base */ = {isa = PBXFileReference; lastKnownFileType = file.storyboard; name = Base; path = Base.lproj/LaunchScreen.storyboard; sourceTree = "<group>"; };
		A637CCDD21E9EEAD0012ADD8 /* Info.plist */ = {isa = PBXFileReference; lastKnownFileType = text.plist.xml; path = Info.plist; sourceTree = "<group>"; };
		A637CCE221E9EEAD0012ADD8 /* textGitHubTests.xctest */ = {isa = PBXFileReference; explicitFileType = wrapper.cfbundle; includeInIndex = 0; path = textGitHubTests.xctest; sourceTree = BUILT_PRODUCTS_DIR; };
		A637CCE621E9EEAD0012ADD8 /* textGitHubTests.m */ = {isa = PBXFileReference; lastKnownFileType = sourcecode.c.objc; path = textGitHubTests.m; sourceTree = "<group>"; };
		A637CCE821E9EEAD0012ADD8 /* Info.plist */ = {isa = PBXFileReference; lastKnownFileType = text.plist.xml; path = Info.plist; sourceTree = "<group>"; };
		A637CCED21E9EEAD0012ADD8 /* textGitHubUITests.xctest */ = {isa = PBXFileReference; explicitFileType = wrapper.cfbundle; includeInIndex = 0; path = textGitHubUITests.xctest; sourceTree = BUILT_PRODUCTS_DIR; };
		A637CCF121E9EEAD0012ADD8 /* textGitHubUITests.m */ = {isa = PBXFileReference; lastKnownFileType = sourcecode.c.objc; path = textGitHubUITests.m; sourceTree = "<group>"; };
		A637CCF321E9EEAD0012ADD8 /* Info.plist */ = {isa = PBXFileReference; lastKnownFileType = text.plist.xml; path = Info.plist; sourceTree = "<group>"; };
/* End PBXFileReference section */

/* Begin PBXFrameworksBuildPhase section */
		A637CCC621E9EEAD0012ADD8 /* Frameworks */ = {
			isa = PBXFrameworksBuildPhase;
			buildActionMask = 2147483647;
			files = (
			);
			runOnlyForDeploymentPostprocessing = 0;
		};
		A637CCDF21E9EEAD0012ADD8 /* Frameworks */ = {
			isa = PBXFrameworksBuildPhase;
			buildActionMask = 2147483647;
			files = (
			);
			runOnlyForDeploymentPostprocessing = 0;
		};
		A637CCEA21E9EEAD0012ADD8 /* Frameworks */ = {
			isa = PBXFrameworksBuildPhase;
			buildActionMask = 2147483647;
			files = (
			);
			runOnlyForDeploymentPostprocessing = 0;
		};
/* End PBXFrameworksBuildPhase section */

/* Begin PBXGroup section */
		A637CCC021E9EEAD0012ADD8 = {
			isa = PBXGroup;
			children = (
				A637CCCB21E9EEAD0012ADD8 /* textGitHub */,
				A637CCE521E9EEAD0012ADD8 /* textGitHubTests */,
				A637CCF021E9EEAD0012ADD8 /* textGitHubUITests */,
				A637CCCA21E9EEAD0012ADD8 /* Products */,
			);
			sourceTree = "<group>";
		};
		A637CCCA21E9EEAD0012ADD8 /* Products */ = {
			isa = PBXGroup;
			children = (
				A637CCC921E9EEAD0012ADD8 /* textGitHub.app */,
				A637CCE221E9EEAD0012ADD8 /* textGitHubTests.xctest */,
				A637CCED21E9EEAD0012ADD8 /* textGitHubUITests.xctest */,
			);
			name = Products;
			sourceTree = "<group>";
		};
		A637CCCB21E9EEAD0012ADD8 /* textGitHub */ = {
			isa = PBXGroup;
			children = (
				A637CCCF21E9EEAD0012ADD8 /* AppDelegate.h */,
				A637CCD021E9EEAD0012ADD8 /* AppDelegate.m */,
				A637CCD221E9EEAD0012ADD8 /* ViewController.h */,
				A637CCD321E9EEAD0012ADD8 /* ViewController.m */,
				A637CCD521E9EEAD0012ADD8 /* Main.storyboard */,
				A637CCD821E9EEAD0012ADD8 /* Assets.xcassets */,
				A637CCDA21E9EEAD0012ADD8 /* LaunchScreen.storyboard */,
				A637CCDD21E9EEAD0012ADD8 /* Info.plist */,
				A637CCCC21E9EEAD0012ADD8 /* Supporting Files */,
			);
			path = textGitHub;
			sourceTree = "<group>";
		};
		A637CCCC21E9EEAD0012ADD8 /* Supporting Files */ = {
			isa = PBXGroup;
			children = (
				A637CCCD21E9EEAD0012ADD8 /* main.m */,
			);
			name = "Supporting Files";
			sourceTree = "<group>";
		};
		A637CCE521E9EEAD0012ADD8 /* textGitHubTests */ = {
			isa = PBXGroup;
			children = (
				A637CCE621E9EEAD0012ADD8 /* textGitHubTests.m */,
				A637CCE821E9EEAD0012ADD8 /* Info.plist */,
			);
			path = textGitHubTests;
			sourceTree = "<group>";
		};
		A637CCF021E9EEAD0012ADD8 /* textGitHubUITests */ = {
			isa = PBXGroup;
			children = (
				A637CCF121E9EEAD0012ADD8 /* textGitHubUITests.m */,
				A637CCF321E9EEAD0012ADD8 /* Info.plist */,
			);
			path = textGitHubUITests;
			sourceTree = "<group>";
		};
/* End PBXGroup section */

/* Begin PBXNativeTarget section */
		A637CCC821E9EEAD0012ADD8 /* textGitHub */ = {
			isa = PBXNativeTarget;
			buildConfigurationList = A637CCF621E9EEAD0012ADD8 /* Build configuration list for PBXNativeTarget "textGitHub" */;
			buildPhases = (
				A637CCC521E9EEAD0012ADD8 /* Sources */,
				A637CCC621E9EEAD0012ADD8 /* Frameworks */,
				A637CCC721E9EEAD0012ADD8 /* Resources */,
			);
			buildRules = (
			);
			dependencies = (
			);
			name = textGitHub;
			productName = textGitHub;
			productReference = A637CCC921E9EEAD0012ADD8 /* textGitHub.app */;
			productType = "com.apple.product-type.application";
		};
		A637CCE121E9EEAD0012ADD8 /* textGitHubTests */ = {
			isa = PBXNativeTarget;
			buildConfigurationList = A637CCF921E9EEAD0012ADD8 /* Build configuration list for PBXNativeTarget "textGitHubTests" */;
			buildPhases = (
				A637CCDE21E9EEAD0012ADD8 /* Sources */,
				A637CCDF21E9EEAD0012ADD8 /* Frameworks */,
				A637CCE021E9EEAD0012ADD8 /* Resources */,
			);
			buildRules = (
			);
			dependencies = (
				A637CCE421E9EEAD0012ADD8 /* PBXTargetDependency */,
			);
			name = textGitHubTests;
			productName = textGitHubTests;
			productReference = A637CCE221E9EEAD0012ADD8 /* textGitHubTests.xctest */;
			productType = "com.apple.product-type.bundle.unit-test";
		};
		A637CCEC21E9EEAD0012ADD8 /* textGitHubUITests */ = {
			isa = PBXNativeTarget;
			buildConfigurationList = A637CCFC21E9EEAD0012ADD8 /* Build configuration list for PBXNativeTarget "textGitHubUITests" */;
			buildPhases = (
				A637CCE921E9EEAD0012ADD8 /* Sources */,
				A637CCEA21E9EEAD0012ADD8 /* Frameworks */,
				A637CCEB21E9EEAD0012ADD8 /* Resources */,
			);
			buildRules = (
			);
			dependencies = (
				A637CCEF21E9EEAD0012ADD8 /* PBXTargetDependency */,
			);
			name = textGitHubUITests;
			productName = textGitHubUITests;
			productReference = A637CCED21E9EEAD0012ADD8 /* textGitHubUITests.xctest */;
			productType = "com.apple.product-type.bundle.ui-testing";
		};
/* End PBXNativeTarget section */

/* Begin PBXProject section */
		A637CCC121E9EEAD0012ADD8 /* Project object */ = {
			isa = PBXProject;
			attributes = {
				LastUpgradeCheck = 0830;
				ORGANIZATIONNAME = "台州橙云科技网络有限公司";
				TargetAttributes = {
					A637CCC821E9EEAD0012ADD8 = {
						CreatedOnToolsVersion = 8.3.3;
						ProvisioningStyle = Automatic;
					};
					A637CCE121E9EEAD0012ADD8 = {
						CreatedOnToolsVersion = 8.3.3;
						ProvisioningStyle = Automatic;
						TestTargetID = A637CCC821E9EEAD0012ADD8;
					};
					A637CCEC21E9EEAD0012ADD8 = {
						CreatedOnToolsVersion = 8.3.3;
						ProvisioningStyle = Automatic;
						TestTargetID = A637CCC821E9EEAD0012ADD8;
					};
				};
			};
			buildConfigurationList = A637CCC421E9EEAD0012ADD8 /* Build configuration list for PBXProject "textGitHub" */;
			compatibilityVersion = "Xcode 3.2";
			developmentRegion = English;
			hasScannedForEncodings = 0;
			knownRegions = (
				en,
				Base,
			);
			mainGroup = A637CCC021E9EEAD0012ADD8;
			productRefGroup = A637CCCA21E9EEAD0012ADD8 /* Products */;
			projectDirPath = "";
			projectRoot = "";
			targets = (
				A637CCC821E9EEAD0012ADD8 /* textGitHub */,
				A637CCE121E9EEAD0012ADD8 /* textGitHubTests */,
				A637CCEC21E9EEAD0012ADD8 /* textGitHubUITests */,
			);
		};
/* End PBXProject section */

/* Begin PBXResourcesBuildPhase section */
		A637CCC721E9EEAD0012ADD8 /* Resources */ = {
			isa = PBXResourcesBuildPhase;
			buildActionMask = 2147483647;
			files = (
				A637CCDC21E9EEAD0012ADD8 /* LaunchScreen.storyboard in Resources */,
				A637CCD921E9EEAD0012ADD8 /* Assets.xcassets in Resources */,
				A637CCD721E9EEAD0012ADD8 /* Main.storyboard in Resources */,
			);
			runOnlyForDeploymentPostprocessing = 0;
		};
		A637CCE021E9EEAD0012ADD8 /* Resources */ = {
			isa = PBXResourcesBuildPhase;
			buildActionMask = 2147483647;
			files = (
			);
			runOnlyForDeploymentPostprocessing = 0;
		};
		A637CCEB21E9EEAD0012ADD8 /* Resources */ = {
			isa = PBXResourcesBuildPhase;
			buildActionMask = 2147483647;
			files = (
			);
			runOnlyForDeploymentPostprocessing = 0;
		};
/* End PBXResourcesBuildPhase section */

/* Begin PBXSourcesBuildPhase section */
		A637CCC521E9EEAD0012ADD8 /* Sources */ = {
			isa = PBXSourcesBuildPhase;
			buildActionMask = 2147483647;
			files = (
				A637CCD421E9EEAD0012ADD8 /* ViewController.m in Sources */,
				A637CCD121E9EEAD0012ADD8 /* AppDelegate.m in Sources */,
				A637CCCE21E9EEAD0012ADD8 /* main.m in Sources */,
			);
			runOnlyForDeploymentPostprocessing = 0;
		};
		A637CCDE21E9EEAD0012ADD8 /* Sources */ = {
			isa = PBXSourcesBuildPhase;
			buildActionMask = 2147483647;
			files = (
				A637CCE721E9EEAD0012ADD8 /* textGitHubTests.m in Sources */,
			);
			runOnlyForDeploymentPostprocessing = 0;
		};
		A637CCE921E9EEAD0012ADD8 /* Sources */ = {
			isa = PBXSourcesBuildPhase;
			buildActionMask = 2147483647;
			files = (
				A637CCF221E9EEAD0012ADD8 /* textGitHubUITests.m in Sources */,
			);
			runOnlyForDeploymentPostprocessing = 0;
		};
/* End PBXSourcesBuildPhase section */

/* Begin PBXTargetDependency section */
		A637CCE421E9EEAD0012ADD8 /* PBXTargetDependency */ = {
			isa = PBXTargetDependency;
			target = A637CCC821E9EEAD0012ADD8 /* textGitHub */;
			targetProxy = A637CCE321E9EEAD0012ADD8 /* PBXContainerItemProxy */;
		};
		A637CCEF21E9EEAD0012ADD8 /* PBXTargetDependency */ = {
			isa = PBXTargetDependency;
			target = A637CCC821E9EEAD0012ADD8 /* textGitHub */;
			targetProxy = A637CCEE21E9EEAD0012ADD8 /* PBXContainerItemProxy */;
		};
/* End PBXTargetDependency section */

/* Begin PBXVariantGroup section */
		A637CCD521E9EEAD0012ADD8 /* Main.storyboard */ = {
			isa = PBXVariantGroup;
			children = (
				A637CCD621E9EEAD0012ADD8 /* Base */,
			);
			name = Main.storyboard;
			sourceTree = "<group>";
		};
		A637CCDA21E9EEAD0012ADD8 /* LaunchScreen.storyboard */ = {
			isa = PBXVariantGroup;
			children = (
				A637CCDB21E9EEAD0012ADD8 /* Base */,
			);
			name = LaunchScreen.storyboard;
			sourceTree = "<group>";
		};
/* End PBXVariantGroup section */

/* Begin XCBuildConfiguration section */
		A637CCF421E9EEAD0012ADD8 /* Debug */ = {
			isa = XCBuildConfiguration;
			buildSettings = {
				ALWAYS_SEARCH_USER_PATHS = NO;
				CLANG_ANALYZER_NONNULL = YES;
				CLANG_ANALYZER_NUMBER_OBJECT_CONVERSION = YES_AGGRESSIVE;
				CLANG_CXX_LANGUAGE_STANDARD = "gnu++0x";
				CLANG_CXX_LIBRARY = "libc++";
				CLANG_ENABLE_MODULES = YES;
				CLANG_ENABLE_OBJC_ARC = YES;
				CLANG_WARN_BOOL_CONVERSION = YES;
				CLANG_WARN_CONSTANT_CONVERSION = YES;
				CLANG_WARN_DIRECT_OBJC_ISA_USAGE = YES_ERROR;
				CLANG_WARN_DOCUMENTATION_COMMENTS = YES;
				CLANG_WARN_EMPTY_BODY = YES;
				CLANG_WARN_ENUM_CONVERSION = YES;
				CLANG_WARN_INFINITE_RECURSION = YES;
				CLANG_WARN_INT_CONVERSION = YES;
				CLANG_WARN_OBJC_ROOT_CLASS = YES_ERROR;
				CLANG_WARN_SUSPICIOUS_MOVE = YES;
				CLANG_WARN_UNREACHABLE_CODE = YES;
				CLANG_WARN__DUPLICATE_METHOD_MATCH = YES;
				"CODE_SIGN_IDENTITY[sdk=iphoneos*]" = "iPhone Developer";
				COPY_PHASE_STRIP = NO;
				DEBUG_INFORMATION_FORMAT = dwarf;
				ENABLE_STRICT_OBJC_MSGSEND = YES;
				ENABLE_TESTABILITY = YES;
				GCC_C_LANGUAGE_STANDARD = gnu99;
				GCC_DYNAMIC_NO_PIC = NO;
				GCC_NO_COMMON_BLOCKS = YES;
				GCC_OPTIMIZATION_LEVEL = 0;
				GCC_PREPROCESSOR_DEFINITIONS = (
					"DEBUG=1",
					"$(inherited)",
				);
				GCC_WARN_64_TO_32_BIT_CONVERSION = YES;
				GCC_WARN_ABOUT_RETURN_TYPE = YES_ERROR;
				GCC_WARN_UNDECLARED_SELECTOR = YES;
				GCC_WARN_UNINITIALIZED_AUTOS = YES_AGGRESSIVE;
				GCC_WARN_UNUSED_FUNCTION = YES;
				GCC_WARN_UNUSED_VARIABLE = YES;
				IPHONEOS_DEPLOYMENT_TARGET = 10.3;
				MTL_ENABLE_DEBUG_INFO = YES;
				ONLY_ACTIVE_ARCH = YES;
				SDKROOT = iphoneos;
				TARGETED_DEVICE_FAMILY = "1,2";
			};
			name = Debug;
		};
		A637CCF521E9EEAD0012ADD8 /* Release */ = {
			isa = XCBuildConfiguration;
			buildSettings = {
				ALWAYS_SEARCH_USER_PATHS = NO;
				CLANG_ANALYZER_NONNULL = YES;
				CLANG_ANALYZER_NUMBER_OBJECT_CONVERSION = YES_AGGRESSIVE;
				CLANG_CXX_LANGUAGE_STANDARD = "gnu++0x";
				CLANG_CXX_LIBRARY = "libc++";
				CLANG_ENABLE_MODULES = YES;
				CLANG_ENABLE_OBJC_ARC = YES;
				CLANG_WARN_BOOL_CONVERSION = YES;
				CLANG_WARN_CONSTANT_CONVERSION = YES;
				CLANG_WARN_DIRECT_OBJC_ISA_USAGE = YES_ERROR;
				CLANG_WARN_DOCUMENTATION_COMMENTS = YES;
				CLANG_WARN_EMPTY_BODY = YES;
				CLANG_WARN_ENUM_CONVERSION = YES;
				CLANG_WARN_INFINITE_RECURSION = YES;
				CLANG_WARN_INT_CONVERSION = YES;
				CLANG_WARN_OBJC_ROOT_CLASS = YES_ERROR;
				CLANG_WARN_SUSPICIOUS_MOVE = YES;
				CLANG_WARN_UNREACHABLE_CODE = YES;
				CLANG_WARN__DUPLICATE_METHOD_MATCH = YES;
				"CODE_SIGN_IDENTITY[sdk=iphoneos*]" = "iPhone Developer";
				COPY_PHASE_STRIP = NO;
				DEBUG_INFORMATION_FORMAT = "dwarf-with-dsym";
				ENABLE_NS_ASSERTIONS = NO;
				ENABLE_STRICT_OBJC_MSGSEND = YES;
				GCC_C_LANGUAGE_STANDARD = gnu99;
				GCC_NO_COMMON_BLOCKS = YES;
				GCC_WARN_64_TO_32_BIT_CONVERSION = YES;
				GCC_WARN_ABOUT_RETURN_TYPE = YES_ERROR;
				GCC_WARN_UNDECLARED_SELECTOR = YES;
				GCC_WARN_UNINITIALIZED_AUTOS = YES_AGGRESSIVE;
				GCC_WARN_UNUSED_FUNCTION = YES;
				GCC_WARN_UNUSED_VARIABLE = YES;
				IPHONEOS_DEPLOYMENT_TARGET = 10.3;
				MTL_ENABLE_DEBUG_INFO = NO;
				SDKROOT = iphoneos;
				TARGETED_DEVICE_FAMILY = "1,2";
				VALIDATE_PRODUCT = YES;
			};
			name = Release;
		};
		A637CCF721E9EEAD0012ADD8 /* Debug */ = {
			isa = XCBuildConfiguration;
			buildSettings = {
				ASSETCATALOG_COMPILER_APPICON_NAME = AppIcon;
				INFOPLIST_FILE = textGitHub/Info.plist;
				LD_RUNPATH_SEARCH_PATHS = "$(inherited) @executable_path/Frameworks";
				PRODUCT_BUNDLE_IDENTIFIER = com.ChenYunTechnology.textGitHub;
				PRODUCT_NAME = "$(TARGET_NAME)";
			};
			name = Debug;
		};
		A637CCF821E9EEAD0012ADD8 /* Release */ = {
			isa = XCBuildConfiguration;
			buildSettings = {
				ASSETCATALOG_COMPILER_APPICON_NAME = AppIcon;
				INFOPLIST_FILE = textGitHub/Info.plist;
				LD_RUNPATH_SEARCH_PATHS = "$(inherited) @executable_path/Frameworks";
				PRODUCT_BUNDLE_IDENTIFIER = com.ChenYunTechnology.textGitHub;
				PRODUCT_NAME = "$(TARGET_NAME)";
			};
			name = Release;
		};
		A637CCFA21E9EEAD0012ADD8 /* Debug */ = {
			isa = XCBuildConfiguration;
			buildSettings = {
				BUNDLE_LOADER = "$(TEST_HOST)";
				INFOPLIST_FILE = textGitHubTests/Info.plist;
				LD_RUNPATH_SEARCH_PATHS = "$(inherited) @executable_path/Frameworks @loader_path/Frameworks";
				PRODUCT_BUNDLE_IDENTIFIER = com.ChenYunTechnology.textGitHubTests;
				PRODUCT_NAME = "$(TARGET_NAME)";
				TEST_HOST = "$(BUILT_PRODUCTS_DIR)/textGitHub.app/textGitHub";
			};
			name = Debug;
		};
		A637CCFB21E9EEAD0012ADD8 /* Release */ = {
			isa = XCBuildConfiguration;
			buildSettings = {
				BUNDLE_LOADER = "$(TEST_HOST)";
				INFOPLIST_FILE = textGitHubTests/Info.plist;
				LD_RUNPATH_SEARCH_PATHS = "$(inherited) @executable_path/Frameworks @loader_path/Frameworks";
				PRODUCT_BUNDLE_IDENTIFIER = com.ChenYunTechnology.textGitHubTests;
				PRODUCT_NAME = "$(TARGET_NAME)";
				TEST_HOST = "$(BUILT_PRODUCTS_DIR)/textGitHub.app/textGitHub";
			};
			name = Release;
		};
		A637CCFD21E9EEAD0012ADD8 /* Debug */ = {
			isa = XCBuildConfiguration;
			buildSettings = {
				INFOPLIST_FILE = textGitHubUITests/Info.plist;
				LD_RUNPATH_SEARCH_PATHS = "$(inherited) @executable_path/Frameworks @loader_path/Frameworks";
				PRODUCT_BUNDLE_IDENTIFIER = com.ChenYunTechnology.textGitHubUITests;
				PRODUCT_NAME = "$(TARGET_NAME)";
				TEST_TARGET_NAME = textGitHub;
			};
			name = Debug;
		};
		A637CCFE21E9EEAD0012ADD8 /* Release */ = {
			isa = XCBuildConfiguration;
			buildSettings = {
				INFOPLIST_FILE = textGitHubUITests/Info.plist;
				LD_RUNPATH_SEARCH_PATHS = "$(inherited) @executable_path/Frameworks @loader_path/Frameworks";
				PRODUCT_BUNDLE_IDENTIFIER = com.ChenYunTechnology.textGitHubUITests;
				PRODUCT_NAME = "$(TARGET_NAME)";
				TEST_TARGET_NAME = textGitHub;
			};
			name = Release;
		};
/* End XCBuildConfiguration section */

/* Begin XCConfigurationList section */
		A637CCC421E9EEAD0012ADD8 /* Build configuration list for PBXProject "textGitHub" */ = {
			isa = XCConfigurationList;
			buildConfigurations = (
				A637CCF421E9EEAD0012ADD8 /* Debug */,
				A637CCF521E9EEAD0012ADD8 /* Release */,
			);
			defaultConfigurationIsVisible = 0;
			defaultConfigurationName = Release;
		};
		A637CCF621E9EEAD0012ADD8 /* Build configuration list for PBXNativeTarget "textGitHub" */ = {
			isa = XCConfigurationList;
			buildConfigurations = (
				A637CCF721E9EEAD0012ADD8 /* Debug */,
				A637CCF821E9EEAD0012ADD8 /* Release */,
			);
			defaultConfigurationIsVisible = 0;
		};
		A637CCF921E9EEAD0012ADD8 /* Build configuration list for PBXNativeTarget "textGitHubTests" */ = {
			isa = XCConfigurationList;
			buildConfigurations = (
				A637CCFA21E9EEAD0012ADD8 /* Debug */,
				A637CCFB21E9EEAD0012ADD8 /* Release */,
			);
			defaultConfigurationIsVisible = 0;
		};
		A637CCFC21E9EEAD0012ADD8 /* Build configuration list for PBXNativeTarget "textGitHubUITests" */ = {
			isa = XCConfigurationList;
			buildConfigurations = (
				A637CCFD21E9EEAD0012ADD8 /* Debug */,
				A637CCFE21E9EEAD0012ADD8 /* Release */,
			);
			defaultConfigurationIsVisible = 0;
		};
/* End XCConfigurationList section */
	};
	rootObject = A637CCC121E9EEAD0012ADD8 /* Project object */;
}
